
Microsoft Visual Studio Solution File, Format Version 12.00
# Visual Studio Version 16
VisualStudioVersion = 16.0.30611.23
MinimumVisualStudioVersion = 10.0.40219.1
Project("{FAE04EC0-301F-11D3-BF4B-00C04F79EFBC}") = "GSWS.Assets.Server", "Server\GSWS.Assets.Server.csproj", "{F038C401-D311-4873-8538-B37B3D420CA2}"
EndProject
Project("{FAE04EC0-301F-11D3-BF4B-00C04F79EFBC}") = "GSWS.Assets.Scripts", "Scripts\GSWS.Assets.Scripts.csproj", "{FBB6C91D-E4A3-48B5-9F1D-6ED60B817216}"
	ProjectSection(ProjectDependencies) = postProject
		{F038C401-D311-4873-8538-B37B3D420CA2} = {F038C401-D311-4873-8538-B37B3D420CA2}
	EndProjectSection
EndProject
Project("{FAE04EC0-301F-11D3-BF4B-00C04F79EFBC}") = "GSWS.Assets.Tests.Server", ".Tests\Server\GSWS.Assets.Tests.Server.csproj", "{B3AC3B3E-9E6D-46DD-9926-BC0915584983}"
	ProjectSection(ProjectDependencies) = postProject
		{F038C401-D311-4873-8538-B37B3D420CA2} = {F038C401-D311-4873-8538-B37B3D420CA2}
	EndProjectSection
EndProject
Global
	GlobalSection(SolutionConfigurationPlatforms) = preSolution
		Debug|Any CPU = Debug|Any CPU
		Release|Any CPU = Release|Any CPU
	EndGlobalSection
	GlobalSection(ProjectConfigurationPlatforms) = postSolution
		{F038C401-D311-4873-8538-B37B3D420CA2}.Debug|Any CPU.ActiveCfg = Debug|Any CPU
		{F038C401-D311-4873-8538-B37B3D420CA2}.Debug|Any CPU.Build.0 = Debug|Any CPU
		{F038C401-D311-4873-8538-B37B3D420CA2}.Release|Any CPU.ActiveCfg = Release|Any CPU
		{F038C401-D311-4873-8538-B37B3D420CA2}.Release|Any CPU.Build.0 = Release|Any CPU
		{FBB6C91D-E4A3-48B5-9F1D-6ED60B817216}.Debug|Any CPU.ActiveCfg = Debug|Any CPU
		{FBB6C91D-E4A3-48B5-9F1D-6ED60B817216}.Release|Any CPU.ActiveCfg = Release|Any CPU
		{FBB6C91D-E4A3-48B5-9F1D-6ED60B817216}.Release|Any CPU.Build.0 = Release|Any CPU
		{B3AC3B3E-9E6D-46DD-9926-BC0915584983}.Debug|Any CPU.ActiveCfg = Debug|Any CPU
		{B3AC3B3E-9E6D-46DD-9926-BC0915584983}.Debug|Any CPU.Build.0 = Debug|Any CPU
		{B3AC3B3E-9E6D-46DD-9926-BC0915584983}.Release|Any CPU.ActiveCfg = Release|Any CPU
		{B3AC3B3E-9E6D-46DD-9926-BC0915584983}.Release|Any CPU.Build.0 = Release|Any CPU
	EndGlobalSection
	GlobalSection(SolutionProperties) = preSolution
		HideSolutionNode = FALSE
	EndGlobalSection
	GlobalSection(ExtensibilityGlobals) = postSolution
		SolutionGuid = {97BE901C-000D-4151-8580-129F4810AF8F}
	EndGlobalSection
EndGlobal
